
Microsoft Visual Studio Solution File, Format Version 12.00
# Visual Studio Version 17
VisualStudioVersion = 17.8.34408.163
MinimumVisualStudioVersion = 10.0.40219.1
Project("{9A19103F-16F7-4668-BE54-9A1E7A4F7556}") = "HousingLocation", "HousingLocation\HousingLocation.csproj", "{C6B47DAA-3998-409B-963C-D5E80C41D245}"
EndProject
Project("{9A19103F-16F7-4668-BE54-9A1E7A4F7556}") = "ServiceStatusResult", "ServiceStatusResult\ServiceStatusResult.csproj", "{CF1B7FA3-C371-4EF1-8F6E-AAB1E74B578D}"
EndProject
Global
	GlobalSection(SolutionConfigurationPlatforms) = preSolution
		Debug|Any CPU = Debug|Any CPU
		Release|Any CPU = Release|Any CPU
	EndGlobalSection
	GlobalSection(ProjectConfigurationPlatforms) = postSolution
		{C6B47DAA-3998-409B-963C-D5E80C41D245}.Debug|Any CPU.ActiveCfg = Debug|Any CPU
		{C6B47DAA-3998-409B-963C-D5E80C41D245}.Debug|Any CPU.Build.0 = Debug|Any CPU
		{C6B47DAA-3998-409B-963C-D5E80C41D245}.Release|Any CPU.ActiveCfg = Release|Any CPU
		{C6B47DAA-3998-409B-963C-D5E80C41D245}.Release|Any CPU.Build.0 = Release|Any CPU
		{CF1B7FA3-C371-4EF1-8F6E-AAB1E74B578D}.Debug|Any CPU.ActiveCfg = Debug|Any CPU
		{CF1B7FA3-C371-4EF1-8F6E-AAB1E74B578D}.Debug|Any CPU.Build.0 = Debug|Any CPU
		{CF1B7FA3-C371-4EF1-8F6E-AAB1E74B578D}.Release|Any CPU.ActiveCfg = Release|Any CPU
		{CF1B7FA3-C371-4EF1-8F6E-AAB1E74B578D}.Release|Any CPU.Build.0 = Release|Any CPU
	EndGlobalSection
	GlobalSection(SolutionProperties) = preSolution
		HideSolutionNode = FALSE
	EndGlobalSection
	GlobalSection(ExtensibilityGlobals) = postSolution
		SolutionGuid = {68B65920-F72A-4014-A402-0D1749474BD6}
	EndGlobalSection
EndGlobal
